
Microsoft Visual Studio Solution File, Format Version 12.00
# Visual Studio Version 16
VisualStudioVersion = 16.0.32126.315
MinimumVisualStudioVersion = 10.0.40219.1
Project("{FAE04EC0-301F-11D3-BF4B-00C04F79EFBC}") = "Alarma_HMI", "Alarma_HMI.csproj", "{90E756D0-239D-47DA-BC7E-A98990A314DF}"
EndProject
Global
	GlobalSection(SolutionConfigurationPlatforms) = preSolution
		Debug|Any CPU = Debug|Any CPU
		Release|Any CPU = Release|Any CPU
	EndGlobalSection
	GlobalSection(ProjectConfigurationPlatforms) = postSolution
		{90E756D0-239D-47DA-BC7E-A98990A314DF}.Debug|Any CPU.ActiveCfg = Debug|Any CPU
		{90E756D0-239D-47DA-BC7E-A98990A314DF}.Debug|Any CPU.Build.0 = Debug|Any CPU
		{90E756D0-239D-47DA-BC7E-A98990A314DF}.Release|Any CPU.ActiveCfg = Release|Any CPU
		{90E756D0-239D-47DA-BC7E-A98990A314DF}.Release|Any CPU.Build.0 = Release|Any CPU
	EndGlobalSection
	GlobalSection(SolutionProperties) = preSolution
		HideSolutionNode = FALSE
	EndGlobalSection
	GlobalSection(ExtensibilityGlobals) = postSolution
		SolutionGuid = {B2D0CE48-013A-4D42-B6E6-571C39E97749}
	EndGlobalSection
EndGlobal
